<Solution>
  <Folder Name="/Solution Items/">
    <File Path=".editorconfig" />
  </Folder>
  <Project Path="AnimalLocationAPI.Core/AnimalLocationAPI.Core.csproj" Id="6a7a9005-10ed-4216-9a01-ec25385ccf66" />
  <Project Path="AnimalsLocationAPI/AnimalsLocationAPI.csproj" />
  <Project Path="Db/AnimalsLocationAPI.Db.csproj" Id="84d37e3d-50c5-428e-a477-8e2d52598c4e" />
  <Project Path="Domain/AnimalsLocationAPI.Domain.csproj" Id="90dabd2d-6fd3-4f2a-8a7d-6705de61b3ac" />
</Solution>
